// !$*UTF8*$!
{
	archiveVersion = 1;
	classes = {
	};
	objectVersion = 46;
	objects = {

/* Begin PBXBuildFile section */
		37DFB0021E3DCDEE004EDFA5 /* AppDelegate.swift in Sources */ = {isa = PBXBuildFile; fileRef = 37DFB0011E3DCDEE004EDFA5 /* AppDelegate.swift */; };
		37DFB0041E3DCDEE004EDFA5 /* ViewController.swift in Sources */ = {isa = PBXBuildFile; fileRef = 37DFB0031E3DCDEE004EDFA5 /* ViewController.swift */; };
		37DFB0061E3DCDEE004EDFA5 /* Assets.xcassets in Resources */ = {isa = PBXBuildFile; fileRef = 37DFB0051E3DCDEE004EDFA5 /* Assets.xcassets */; };
		37DFB0091E3DCDEE004EDFA5 /* Main.storyboard in Resources */ = {isa = PBXBuildFile; fileRef = 37DFB0071E3DCDEE004EDFA5 /* Main.storyboard */; };
		37DFB0141E3DCDEE004EDFA5 /* RandomPasswordWithStoryBoardTests.swift in Sources */ = {isa = PBXBuildFile; fileRef = 37DFB0131E3DCDEE004EDFA5 /* RandomPasswordWithStoryBoardTests.swift */; };
		37DFB01F1E3DCDEE004EDFA5 /* RandomPasswordWithStoryBoardUITests.swift in Sources */ = {isa = PBXBuildFile; fileRef = 37DFB01E1E3DCDEE004EDFA5 /* RandomPasswordWithStoryBoardUITests.swift */; };
		37DFB02D1E3DE2F0004EDFA5 /* GeneratePassword.swift in Sources */ = {isa = PBXBuildFile; fileRef = 37DFB02C1E3DE2F0004EDFA5 /* GeneratePassword.swift */; };
/* End PBXBuildFile section */

/* Begin PBXContainerItemProxy section */
		37DFB0101E3DCDEE004EDFA5 /* PBXContainerItemProxy */ = {
			isa = PBXContainerItemProxy;
			containerPortal = 37DFAFF61E3DCDEE004EDFA5 /* Project object */;
			proxyType = 1;
			remoteGlobalIDString = 37DFAFFD1E3DCDEE004EDFA5;
			remoteInfo = RandomPasswordWithStoryBoard;
		};
		37DFB01B1E3DCDEE004EDFA5 /* PBXContainerItemProxy */ = {
			isa = PBXContainerItemProxy;
			containerPortal = 37DFAFF61E3DCDEE004EDFA5 /* Project object */;
			proxyType = 1;
			remoteGlobalIDString = 37DFAFFD1E3DCDEE004EDFA5;
			remoteInfo = RandomPasswordWithStoryBoard;
		};
/* End PBXContainerItemProxy section */

/* Begin PBXFileReference section */
		37DFAFFE1E3DCDEE004EDFA5 /* RandomPasswordWithStoryBoard.app */ = {isa = PBXFileReference; explicitFileType = wrapper.application; includeInIndex = 0; path = RandomPasswordWithStoryBoard.app; sourceTree = BUILT_PRODUCTS_DIR; };
		37DFB0011E3DCDEE004EDFA5 /* AppDelegate.swift */ = {isa = PBXFileReference; lastKnownFileType = sourcecode.swift; path = AppDelegate.swift; sourceTree = "<group>"; };
		37DFB0031E3DCDEE004EDFA5 /* ViewController.swift */ = {isa = PBXFileReference; lastKnownFileType = sourcecode.swift; path = ViewController.swift; sourceTree = "<group>"; };
		37DFB0051E3DCDEE004EDFA5 /* Assets.xcassets */ = {isa = PBXFileReference; lastKnownFileType = folder.assetcatalog; path = Assets.xcassets; sourceTree = "<group>"; };
		37DFB0081E3DCDEE004EDFA5 /* Base */ = {isa = PBXFileReference; lastKnownFileType = file.storyboard; name = Base; path = Base.lproj/Main.storyboard; sourceTree = "<group>"; };
		37DFB00A1E3DCDEE004EDFA5 /* Info.plist */ = {isa = PBXFileReference; lastKnownFileType = text.plist.xml; path = Info.plist; sourceTree = "<group>"; };
		37DFB00F1E3DCDEE004EDFA5 /* RandomPasswordWithStoryBoardTests.xctest */ = {isa = PBXFileReference; explicitFileType = wrapper.cfbundle; includeInIndex = 0; path = RandomPasswordWithStoryBoardTests.xctest; sourceTree = BUILT_PRODUCTS_DIR; };
		37DFB0131E3DCDEE004EDFA5 /* RandomPasswordWithStoryBoardTests.swift */ = {isa = PBXFileReference; lastKnownFileType = sourcecode.swift; path = RandomPasswordWithStoryBoardTests.swift; sourceTree = "<group>"; };
		37DFB0151E3DCDEE004EDFA5 /* Info.plist */ = {isa = PBXFileReference; lastKnownFileType = text.plist.xml; path = Info.plist; sourceTree = "<group>"; };
		37DFB01A1E3DCDEE004EDFA5 /* RandomPasswordWithStoryBoardUITests.xctest */ = {isa = PBXFileReference; explicitFileType = wrapper.cfbundle; includeInIndex = 0; path = RandomPasswordWithStoryBoardUITests.xctest; sourceTree = BUILT_PRODUCTS_DIR; };
		37DFB01E1E3DCDEE004EDFA5 /* RandomPasswordWithStoryBoardUITests.swift */ = {isa = PBXFileReference; lastKnownFileType = sourcecode.swift; path = RandomPasswordWithStoryBoardUITests.swift; sourceTree = "<group>"; };
		37DFB0201E3DCDEE004EDFA5 /* Info.plist */ = {isa = PBXFileReference; lastKnownFileType = text.plist.xml; path = Info.plist; sourceTree = "<group>"; };
		37DFB02C1E3DE2F0004EDFA5 /* GeneratePassword.swift */ = {isa = PBXFileReference; fileEncoding = 4; lastKnownFileType = sourcecode.swift; path = GeneratePassword.swift; sourceTree = "<group>"; };
/* End PBXFileReference section */

/* Begin PBXFrameworksBuildPhase section */
		37DFAFFB1E3DCDEE004EDFA5 /* Frameworks */ = {
			isa = PBXFrameworksBuildPhase;
			buildActionMask = 2147483647;
			files = (
			);
			runOnlyForDeploymentPostprocessing = 0;
		};
		37DFB00C1E3DCDEE004EDFA5 /* Frameworks */ = {
			isa = PBXFrameworksBuildPhase;
			buildActionMask = 2147483647;
			files = (
			);
			runOnlyForDeploymentPostprocessing = 0;
		};
		37DFB0171E3DCDEE004EDFA5 /* Frameworks */ = {
			isa = PBXFrameworksBuildPhase;
			buildActionMask = 2147483647;
			files = (
			);
			runOnlyForDeploymentPostprocessing = 0;
		};
/* End PBXFrameworksBuildPhase section */

/* Begin PBXGroup section */
		37DFAFF51E3DCDEE004EDFA5 = {
			isa = PBXGroup;
			children = (
				37DFB0001E3DCDEE004EDFA5 /* RandomPasswordWithStoryBoard */,
				37DFB0121E3DCDEE004EDFA5 /* RandomPasswordWithStoryBoardTests */,
				37DFB01D1E3DCDEE004EDFA5 /* RandomPasswordWithStoryBoardUITests */,
				37DFAFFF1E3DCDEE004EDFA5 /* Products */,
			);
			sourceTree = "<group>";
		};
		37DFAFFF1E3DCDEE004EDFA5 /* Products */ = {
			isa = PBXGroup;
			children = (
				37DFAFFE1E3DCDEE004EDFA5 /* RandomPasswordWithStoryBoard.app */,
				37DFB00F1E3DCDEE004EDFA5 /* RandomPasswordWithStoryBoardTests.xctest */,
				37DFB01A1E3DCDEE004EDFA5 /* RandomPasswordWithStoryBoardUITests.xctest */,
			);
			name = Products;
			sourceTree = "<group>";
		};
		37DFB0001E3DCDEE004EDFA5 /* RandomPasswordWithStoryBoard */ = {
			isa = PBXGroup;
			children = (
				37DFB0011E3DCDEE004EDFA5 /* AppDelegate.swift */,
				37DFB0031E3DCDEE004EDFA5 /* ViewController.swift */,
				37DFB0051E3DCDEE004EDFA5 /* Assets.xcassets */,
				37DFB0071E3DCDEE004EDFA5 /* Main.storyboard */,
				37DFB00A1E3DCDEE004EDFA5 /* Info.plist */,
				37DFB02C1E3DE2F0004EDFA5 /* GeneratePassword.swift */,
			);
			path = RandomPasswordWithStoryBoard;
			sourceTree = "<group>";
		};
		37DFB0121E3DCDEE004EDFA5 /* RandomPasswordWithStoryBoardTests */ = {
			isa = PBXGroup;
			children = (
				37DFB0131E3DCDEE004EDFA5 /* RandomPasswordWithStoryBoardTests.swift */,
				37DFB0151E3DCDEE004EDFA5 /* Info.plist */,
			);
			path = RandomPasswordWithStoryBoardTests;
			sourceTree = "<group>";
		};
		37DFB01D1E3DCDEE004EDFA5 /* RandomPasswordWithStoryBoardUITests */ = {
			isa = PBXGroup;
			children = (
				37DFB01E1E3DCDEE004EDFA5 /* RandomPasswordWithStoryBoardUITests.swift */,
				37DFB0201E3DCDEE004EDFA5 /* Info.plist */,
			);
			path = RandomPasswordWithStoryBoardUITests;
			sourceTree = "<group>";
		};
/* End PBXGroup section */

/* Begin PBXNativeTarget section */
		37DFAFFD1E3DCDEE004EDFA5 /* RandomPasswordWithStoryBoard */ = {
			isa = PBXNativeTarget;
			buildConfigurationList = 37DFB0231E3DCDEE004EDFA5 /* Build configuration list for PBXNativeTarget "RandomPasswordWithStoryBoard" */;
			buildPhases = (
				37DFAFFA1E3DCDEE004EDFA5 /* Sources */,
				37DFAFFB1E3DCDEE004EDFA5 /* Frameworks */,
				37DFAFFC1E3DCDEE004EDFA5 /* Resources */,
			);
			buildRules = (
			);
			dependencies = (
			);
			name = RandomPasswordWithStoryBoard;
			productName = RandomPasswordWithStoryBoard;
			productReference = 37DFAFFE1E3DCDEE004EDFA5 /* RandomPasswordWithStoryBoard.app */;
			productType = "com.apple.product-type.application";
		};
		37DFB00E1E3DCDEE004EDFA5 /* RandomPasswordWithStoryBoardTests */ = {
			isa = PBXNativeTarget;
			buildConfigurationList = 37DFB0261E3DCDEE004EDFA5 /* Build configuration list for PBXNativeTarget "RandomPasswordWithStoryBoardTests" */;
			buildPhases = (
				37DFB00B1E3DCDEE004EDFA5 /* Sources */,
				37DFB00C1E3DCDEE004EDFA5 /* Frameworks */,
				37DFB00D1E3DCDEE004EDFA5 /* Resources */,
			);
			buildRules = (
			);
			dependencies = (
				37DFB0111E3DCDEE004EDFA5 /* PBXTargetDependency */,
			);
			name = RandomPasswordWithStoryBoardTests;
			productName = RandomPasswordWithStoryBoardTests;
			productReference = 37DFB00F1E3DCDEE004EDFA5 /* RandomPasswordWithStoryBoardTests.xctest */;
			productType = "com.apple.product-type.bundle.unit-test";
		};
		37DFB0191E3DCDEE004EDFA5 /* RandomPasswordWithStoryBoardUITests */ = {
			isa = PBXNativeTarget;
			buildConfigurationList = 37DFB0291E3DCDEE004EDFA5 /* Build configuration list for PBXNativeTarget "RandomPasswordWithStoryBoardUITests" */;
			buildPhases = (
				37DFB0161E3DCDEE004EDFA5 /* Sources */,
				37DFB0171E3DCDEE004EDFA5 /* Frameworks */,
				37DFB0181E3DCDEE004EDFA5 /* Resources */,
			);
			buildRules = (
			);
			dependencies = (
				37DFB01C1E3DCDEE004EDFA5 /* PBXTargetDependency */,
			);
			name = RandomPasswordWithStoryBoardUITests;
			productName = RandomPasswordWithStoryBoardUITests;
			productReference = 37DFB01A1E3DCDEE004EDFA5 /* RandomPasswordWithStoryBoardUITests.xctest */;
			productType = "com.apple.product-type.bundle.ui-testing";
		};
/* End PBXNativeTarget section */

/* Begin PBXProject section */
		37DFAFF61E3DCDEE004EDFA5 /* Project object */ = {
			isa = PBXProject;
			attributes = {
				LastSwiftUpdateCheck = 0820;
				LastUpgradeCheck = 0820;
				ORGANIZATIONNAME = "Jacob su";
				TargetAttributes = {
					37DFAFFD1E3DCDEE004EDFA5 = {
						CreatedOnToolsVersion = 8.2.1;
						DevelopmentTeam = 4X75RZ9C85;
						ProvisioningStyle = Automatic;
					};
					37DFB00E1E3DCDEE004EDFA5 = {
						CreatedOnToolsVersion = 8.2.1;
						DevelopmentTeam = 4X75RZ9C85;
						ProvisioningStyle = Automatic;
						TestTargetID = 37DFAFFD1E3DCDEE004EDFA5;
					};
					37DFB0191E3DCDEE004EDFA5 = {
						CreatedOnToolsVersion = 8.2.1;
						DevelopmentTeam = 4X75RZ9C85;
						ProvisioningStyle = Automatic;
						TestTargetID = 37DFAFFD1E3DCDEE004EDFA5;
					};
				};
			};
			buildConfigurationList = 37DFAFF91E3DCDEE004EDFA5 /* Build configuration list for PBXProject "RandomPasswordWithStoryBoard" */;
			compatibilityVersion = "Xcode 3.2";
			developmentRegion = English;
			hasScannedForEncodings = 0;
			knownRegions = (
				en,
				Base,
			);
			mainGroup = 37DFAFF51E3DCDEE004EDFA5;
			productRefGroup = 37DFAFFF1E3DCDEE004EDFA5 /* Products */;
			projectDirPath = "";
			projectRoot = "";
			targets = (
				37DFAFFD1E3DCDEE004EDFA5 /* RandomPasswordWithStoryBoard */,
				37DFB00E1E3DCDEE004EDFA5 /* RandomPasswordWithStoryBoardTests */,
				37DFB0191E3DCDEE004EDFA5 /* RandomPasswordWithStoryBoardUITests */,
			);
		};
/* End PBXProject section */

/* Begin PBXResourcesBuildPhase section */
		37DFAFFC1E3DCDEE004EDFA5 /* Resources */ = {
			isa = PBXResourcesBuildPhase;
			buildActionMask = 2147483647;
			files = (
				37DFB0061E3DCDEE004EDFA5 /* Assets.xcassets in Resources */,
				37DFB0091E3DCDEE004EDFA5 /* Main.storyboard in Resources */,
			);
			runOnlyForDeploymentPostprocessing = 0;
		};
		37DFB00D1E3DCDEE004EDFA5 /* Resources */ = {
			isa = PBXResourcesBuildPhase;
			buildActionMask = 2147483647;
			files = (
			);
			runOnlyForDeploymentPostprocessing = 0;
		};
		37DFB0181E3DCDEE004EDFA5 /* Resources */ = {
			isa = PBXResourcesBuildPhase;
			buildActionMask = 2147483647;
			files = (
			);
			runOnlyForDeploymentPostprocessing = 0;
		};
/* End PBXResourcesBuildPhase section */

/* Begin PBXSourcesBuildPhase section */
		37DFAFFA1E3DCDEE004EDFA5 /* Sources */ = {
			isa = PBXSourcesBuildPhase;
			buildActionMask = 2147483647;
			files = (
				37DFB0041E3DCDEE004EDFA5 /* ViewController.swift in Sources */,
				37DFB02D1E3DE2F0004EDFA5 /* GeneratePassword.swift in Sources */,
				37DFB0021E3DCDEE004EDFA5 /* AppDelegate.swift in Sources */,
			);
			runOnlyForDeploymentPostprocessing = 0;
		};
		37DFB00B1E3DCDEE004EDFA5 /* Sources */ = {
			isa = PBXSourcesBuildPhase;
			buildActionMask = 2147483647;
			files = (
				37DFB0141E3DCDEE004EDFA5 /* RandomPasswordWithStoryBoardTests.swift in Sources */,
			);
			runOnlyForDeploymentPostprocessing = 0;
		};
		37DFB0161E3DCDEE004EDFA5 /* Sources */ = {
			isa = PBXSourcesBuildPhase;
			buildActionMask = 2147483647;
			files = (
				37DFB01F1E3DCDEE004EDFA5 /* RandomPasswordWithStoryBoardUITests.swift in Sources */,
			);
			runOnlyForDeploymentPostprocessing = 0;
		};
/* End PBXSourcesBuildPhase section */

/* Begin PBXTargetDependency section */
		37DFB0111E3DCDEE004EDFA5 /* PBXTargetDependency */ = {
			isa = PBXTargetDependency;
			target = 37DFAFFD1E3DCDEE004EDFA5 /* RandomPasswordWithStoryBoard */;
			targetProxy = 37DFB0101E3DCDEE004EDFA5 /* PBXContainerItemProxy */;
		};
		37DFB01C1E3DCDEE004EDFA5 /* PBXTargetDependency */ = {
			isa = PBXTargetDependency;
			target = 37DFAFFD1E3DCDEE004EDFA5 /* RandomPasswordWithStoryBoard */;
			targetProxy = 37DFB01B1E3DCDEE004EDFA5 /* PBXContainerItemProxy */;
		};
/* End PBXTargetDependency section */

/* Begin PBXVariantGroup section */
		37DFB0071E3DCDEE004EDFA5 /* Main.storyboard */ = {
			isa = PBXVariantGroup;
			children = (
				37DFB0081E3DCDEE004EDFA5 /* Base */,
			);
			name = Main.storyboard;
			sourceTree = "<group>";
		};
/* End PBXVariantGroup section */

/* Begin XCBuildConfiguration section */
		37DFB0211E3DCDEE004EDFA5 /* Debug */ = {
			isa = XCBuildConfiguration;
			buildSettings = {
				ALWAYS_SEARCH_USER_PATHS = NO;
				CLANG_ANALYZER_NONNULL = YES;
				CLANG_CXX_LANGUAGE_STANDARD = "gnu++0x";
				CLANG_CXX_LIBRARY = "libc++";
				CLANG_ENABLE_MODULES = YES;
				CLANG_ENABLE_OBJC_ARC = YES;
				CLANG_WARN_BOOL_CONVERSION = YES;
				CLANG_WARN_CONSTANT_CONVERSION = YES;
				CLANG_WARN_DIRECT_OBJC_ISA_USAGE = YES_ERROR;
				CLANG_WARN_DOCUMENTATION_COMMENTS = YES;
				CLANG_WARN_EMPTY_BODY = YES;
				CLANG_WARN_ENUM_CONVERSION = YES;
				CLANG_WARN_INFINITE_RECURSION = YES;
				CLANG_WARN_INT_CONVERSION = YES;
				CLANG_WARN_OBJC_ROOT_CLASS = YES_ERROR;
				CLANG_WARN_SUSPICIOUS_MOVE = YES;
				CLANG_WARN_UNREACHABLE_CODE = YES;
				CLANG_WARN__DUPLICATE_METHOD_MATCH = YES;
				CODE_SIGN_IDENTITY = "-";
				COPY_PHASE_STRIP = NO;
				DEBUG_INFORMATION_FORMAT = dwarf;
				ENABLE_STRICT_OBJC_MSGSEND = YES;
				ENABLE_TESTABILITY = YES;
				GCC_C_LANGUAGE_STANDARD = gnu99;
				GCC_DYNAMIC_NO_PIC = NO;
				GCC_NO_COMMON_BLOCKS = YES;
				GCC_OPTIMIZATION_LEVEL = 0;
				GCC_PREPROCESSOR_DEFINITIONS = (
					"DEBUG=1",
					"$(inherited)",
				);
				GCC_WARN_64_TO_32_BIT_CONVERSION = YES;
				GCC_WARN_ABOUT_RETURN_TYPE = YES_ERROR;
				GCC_WARN_UNDECLARED_SELECTOR = YES;
				GCC_WARN_UNINITIALIZED_AUTOS = YES_AGGRESSIVE;
				GCC_WARN_UNUSED_FUNCTION = YES;
				GCC_WARN_UNUSED_VARIABLE = YES;
				MACOSX_DEPLOYMENT_TARGET = 10.12;
				MTL_ENABLE_DEBUG_INFO = YES;
				ONLY_ACTIVE_ARCH = YES;
				SDKROOT = macosx;
				SWIFT_ACTIVE_COMPILATION_CONDITIONS = DEBUG;
				SWIFT_OPTIMIZATION_LEVEL = "-Onone";
			};
			name = Debug;
		};
		37DFB0221E3DCDEE004EDFA5 /* Release */ = {
			isa = XCBuildConfiguration;
			buildSettings = {
				ALWAYS_SEARCH_USER_PATHS = NO;
				CLANG_ANALYZER_NONNULL = YES;
				CLANG_CXX_LANGUAGE_STANDARD = "gnu++0x";
				CLANG_CXX_LIBRARY = "libc++";
				CLANG_ENABLE_MODULES = YES;
				CLANG_ENABLE_OBJC_ARC = YES;
				CLANG_WARN_BOOL_CONVERSION = YES;
				CLANG_WARN_CONSTANT_CONVERSION = YES;
				CLANG_WARN_DIRECT_OBJC_ISA_USAGE = YES_ERROR;
				CLANG_WARN_DOCUMENTATION_COMMENTS = YES;
				CLANG_WARN_EMPTY_BODY = YES;
				CLANG_WARN_ENUM_CONVERSION = YES;
				CLANG_WARN_INFINITE_RECURSION = YES;
				CLANG_WARN_INT_CONVERSION = YES;
				CLANG_WARN_OBJC_ROOT_CLASS = YES_ERROR;
				CLANG_WARN_SUSPICIOUS_MOVE = YES;
				CLANG_WARN_UNREACHABLE_CODE = YES;
				CLANG_WARN__DUPLICATE_METHOD_MATCH = YES;
				CODE_SIGN_IDENTITY = "-";
				COPY_PHASE_STRIP = NO;
				DEBUG_INFORMATION_FORMAT = "dwarf-with-dsym";
				ENABLE_NS_ASSERTIONS = NO;
				ENABLE_STRICT_OBJC_MSGSEND = YES;
				GCC_C_LANGUAGE_STANDARD = gnu99;
				GCC_NO_COMMON_BLOCKS = YES;
				GCC_WARN_64_TO_32_BIT_CONVERSION = YES;
				GCC_WARN_ABOUT_RETURN_TYPE = YES_ERROR;
				GCC_WARN_UNDECLARED_SELECTOR = YES;
				GCC_WARN_UNINITIALIZED_AUTOS = YES_AGGRESSIVE;
				GCC_WARN_UNUSED_FUNCTION = YES;
				GCC_WARN_UNUSED_VARIABLE = YES;
				MACOSX_DEPLOYMENT_TARGET = 10.12;
				MTL_ENABLE_DEBUG_INFO = NO;
				SDKROOT = macosx;
				SWIFT_OPTIMIZATION_LEVEL = "-Owholemodule";
			};
			name = Release;
		};
		37DFB0241E3DCDEE004EDFA5 /* Debug */ = {
			isa = XCBuildConfiguration;
			buildSettings = {
				ASSETCATALOG_COMPILER_APPICON_NAME = AppIcon;
				COMBINE_HIDPI_IMAGES = YES;
				DEVELOPMENT_TEAM = 4X75RZ9C85;
				INFOPLIST_FILE = RandomPasswordWithStoryBoard/Info.plist;
				LD_RUNPATH_SEARCH_PATHS = "$(inherited) @executable_path/../Frameworks";
				PRODUCT_BUNDLE_IDENTIFIER = io.github.suzp1984.RandomPasswordWithStoryBoard;
				PRODUCT_NAME = "$(TARGET_NAME)";
				SWIFT_VERSION = 3.0;
			};
			name = Debug;
		};
		37DFB0251E3DCDEE004EDFA5 /* Release */ = {
			isa = XCBuildConfiguration;
			buildSettings = {
				ASSETCATALOG_COMPILER_APPICON_NAME = AppIcon;
				COMBINE_HIDPI_IMAGES = YES;
				DEVELOPMENT_TEAM = 4X75RZ9C85;
				INFOPLIST_FILE = RandomPasswordWithStoryBoard/Info.plist;
				LD_RUNPATH_SEARCH_PATHS = "$(inherited) @executable_path/../Frameworks";
				PRODUCT_BUNDLE_IDENTIFIER = io.github.suzp1984.RandomPasswordWithStoryBoard;
				PRODUCT_NAME = "$(TARGET_NAME)";
				SWIFT_VERSION = 3.0;
			};
			name = Release;
		};
		37DFB0271E3DCDEE004EDFA5 /* Debug */ = {
			isa = XCBuildConfiguration;
			buildSettings = {
				ALWAYS_EMBED_SWIFT_STANDARD_LIBRARIES = YES;
				BUNDLE_LOADER = "$(TEST_HOST)";
				COMBINE_HIDPI_IMAGES = YES;
				DEVELOPMENT_TEAM = 4X75RZ9C85;
				INFOPLIST_FILE = RandomPasswordWithStoryBoardTests/Info.plist;
				LD_RUNPATH_SEARCH_PATHS = "$(inherited) @executable_path/../Frameworks @loader_path/../Frameworks";
				PRODUCT_BUNDLE_IDENTIFIER = io.github.suzp1984.RandomPasswordWithStoryBoardTests;
				PRODUCT_NAME = "$(TARGET_NAME)";
				SWIFT_VERSION = 3.0;
				TEST_HOST = "$(BUILT_PRODUCTS_DIR)/RandomPasswordWithStoryBoard.app/Contents/MacOS/RandomPasswordWithStoryBoard";
			};
			name = Debug;
		};
		37DFB0281E3DCDEE004EDFA5 /* Release */ = {
			isa = XCBuildConfiguration;
			buildSettings = {
				ALWAYS_EMBED_SWIFT_STANDARD_LIBRARIES = YES;
				BUNDLE_LOADER = "$(TEST_HOST)";
				COMBINE_HIDPI_IMAGES = YES;
				DEVELOPMENT_TEAM = 4X75RZ9C85;
				INFOPLIST_FILE = RandomPasswordWithStoryBoardTests/Info.plist;
				LD_RUNPATH_SEARCH_PATHS = "$(inherited) @executable_path/../Frameworks @loader_path/../Frameworks";
				PRODUCT_BUNDLE_IDENTIFIER = io.github.suzp1984.RandomPasswordWithStoryBoardTests;
				PRODUCT_NAME = "$(TARGET_NAME)";
				SWIFT_VERSION = 3.0;
				TEST_HOST = "$(BUILT_PRODUCTS_DIR)/RandomPasswordWithStoryBoard.app/Contents/MacOS/RandomPasswordWithStoryBoard";
			};
			name = Release;
		};
		37DFB02A1E3DCDEE004EDFA5 /* Debug */ = {
			isa = XCBuildConfiguration;
			buildSettings = {
				ALWAYS_EMBED_SWIFT_STANDARD_LIBRARIES = YES;
				COMBINE_HIDPI_IMAGES = YES;
				DEVELOPMENT_TEAM = 4X75RZ9C85;
				INFOPLIST_FILE = RandomPasswordWithStoryBoardUITests/Info.plist;
				LD_RUNPATH_SEARCH_PATHS = "$(inherited) @executable_path/../Frameworks @loader_path/../Frameworks";
				PRODUCT_BUNDLE_IDENTIFIER = io.github.suzp1984.RandomPasswordWithStoryBoardUITests;
				PRODUCT_NAME = "$(TARGET_NAME)";
				SWIFT_VERSION = 3.0;
				TEST_TARGET_NAME = RandomPasswordWithStoryBoard;
			};
			name = Debug;
		};
		37DFB02B1E3DCDEE004EDFA5 /* Release */ = {
			isa = XCBuildConfiguration;
			buildSettings = {
				ALWAYS_EMBED_SWIFT_STANDARD_LIBRARIES = YES;
				COMBINE_HIDPI_IMAGES = YES;
				DEVELOPMENT_TEAM = 4X75RZ9C85;
				INFOPLIST_FILE = RandomPasswordWithStoryBoardUITests/Info.plist;
				LD_RUNPATH_SEARCH_PATHS = "$(inherited) @executable_path/../Frameworks @loader_path/../Frameworks";
				PRODUCT_BUNDLE_IDENTIFIER = io.github.suzp1984.RandomPasswordWithStoryBoardUITests;
				PRODUCT_NAME = "$(TARGET_NAME)";
				SWIFT_VERSION = 3.0;
				TEST_TARGET_NAME = RandomPasswordWithStoryBoard;
			};
			name = Release;
		};
/* End XCBuildConfiguration section */

/* Begin XCConfigurationList section */
		37DFAFF91E3DCDEE004EDFA5 /* Build configuration list for PBXProject "RandomPasswordWithStoryBoard" */ = {
			isa = XCConfigurationList;
			buildConfigurations = (
				37DFB0211E3DCDEE004EDFA5 /* Debug */,
				37DFB0221E3DCDEE004EDFA5 /* Release */,
			);
			defaultConfigurationIsVisible = 0;
			defaultConfigurationName = Release;
		};
		37DFB0231E3DCDEE004EDFA5 /* Build configuration list for PBXNativeTarget "RandomPasswordWithStoryBoard" */ = {
			isa = XCConfigurationList;
			buildConfigurations = (
				37DFB0241E3DCDEE004EDFA5 /* Debug */,
				37DFB0251E3DCDEE004EDFA5 /* Release */,
			);
			defaultConfigurationIsVisible = 0;
		};
		37DFB0261E3DCDEE004EDFA5 /* Build configuration list for PBXNativeTarget "RandomPasswordWithStoryBoardTests" */ = {
			isa = XCConfigurationList;
			buildConfigurations = (
				37DFB0271E3DCDEE004EDFA5 /* Debug */,
				37DFB0281E3DCDEE004EDFA5 /* Release */,
			);
			defaultConfigurationIsVisible = 0;
		};
		37DFB0291E3DCDEE004EDFA5 /* Build configuration list for PBXNativeTarget "RandomPasswordWithStoryBoardUITests" */ = {
			isa = XCConfigurationList;
			buildConfigurations = (
				37DFB02A1E3DCDEE004EDFA5 /* Debug */,
				37DFB02B1E3DCDEE004EDFA5 /* Release */,
			);
			defaultConfigurationIsVisible = 0;
		};
/* End XCConfigurationList section */
	};
	rootObject = 37DFAFF61E3DCDEE004EDFA5 /* Project object */;
}
